
Microsoft Visual Studio Solution File, Format Version 12.00
# Visual Studio Version 16
VisualStudioVersion = 16.0.32407.337
MinimumVisualStudioVersion = 10.0.40219.1
Project("{FAE04EC0-301F-11D3-BF4B-00C04F79EFBC}") = "Module12.1.5", "Module12.1.5\Module12.1.5.csproj", "{BF4F7A25-B19C-4F2D-8A37-52C56FB1E04E}"
EndProject
Global
	GlobalSection(SolutionConfigurationPlatforms) = preSolution
		Debug|Any CPU = Debug|Any CPU
		Release|Any CPU = Release|Any CPU
	EndGlobalSection
	GlobalSection(ProjectConfigurationPlatforms) = postSolution
		{BF4F7A25-B19C-4F2D-8A37-52C56FB1E04E}.Debug|Any CPU.ActiveCfg = Debug|Any CPU
		{BF4F7A25-B19C-4F2D-8A37-52C56FB1E04E}.Debug|Any CPU.Build.0 = Debug|Any CPU
		{BF4F7A25-B19C-4F2D-8A37-52C56FB1E04E}.Release|Any CPU.ActiveCfg = Release|Any CPU
		{BF4F7A25-B19C-4F2D-8A37-52C56FB1E04E}.Release|Any CPU.Build.0 = Release|Any CPU
	EndGlobalSection
	GlobalSection(SolutionProperties) = preSolution
		HideSolutionNode = FALSE
	EndGlobalSection
	GlobalSection(ExtensibilityGlobals) = postSolution
		SolutionGuid = {46B61A54-0259-4726-A081-E70CCBB202C1}
	EndGlobalSection
EndGlobal
